
Microsoft Visual Studio Solution File, Format Version 12.00
# Visual Studio 14
VisualStudioVersion = 14.0.24720.0
MinimumVisualStudioVersion = 10.0.40219.1
Project("{FAE04EC0-301F-11D3-BF4B-00C04F79EFBC}") = "WebAPI", "WebAPI\WebAPI.csproj", "{7228E434-DC06-4B1E-B23D-97A9383CB356}"
EndProject
Project("{FAE04EC0-301F-11D3-BF4B-00C04F79EFBC}") = "WebClientHub", "WebClientHub\WebClientHub.csproj", "{E9862CF2-4AE1-4EB0-8BCC-23ADB4AFDCC8}"
EndProject
Global
	GlobalSection(SolutionConfigurationPlatforms) = preSolution
		Debug|Any CPU = Debug|Any CPU
		Release|Any CPU = Release|Any CPU
	EndGlobalSection
	GlobalSection(ProjectConfigurationPlatforms) = postSolution
		{7228E434-DC06-4B1E-B23D-97A9383CB356}.Debug|Any CPU.ActiveCfg = Debug|Any CPU
		{7228E434-DC06-4B1E-B23D-97A9383CB356}.Debug|Any CPU.Build.0 = Debug|Any CPU
		{7228E434-DC06-4B1E-B23D-97A9383CB356}.Release|Any CPU.ActiveCfg = Release|Any CPU
		{7228E434-DC06-4B1E-B23D-97A9383CB356}.Release|Any CPU.Build.0 = Release|Any CPU
		{E9862CF2-4AE1-4EB0-8BCC-23ADB4AFDCC8}.Debug|Any CPU.ActiveCfg = Debug|Any CPU
		{E9862CF2-4AE1-4EB0-8BCC-23ADB4AFDCC8}.Debug|Any CPU.Build.0 = Debug|Any CPU
		{E9862CF2-4AE1-4EB0-8BCC-23ADB4AFDCC8}.Release|Any CPU.ActiveCfg = Release|Any CPU
		{E9862CF2-4AE1-4EB0-8BCC-23ADB4AFDCC8}.Release|Any CPU.Build.0 = Release|Any CPU
	EndGlobalSection
	GlobalSection(SolutionProperties) = preSolution
		HideSolutionNode = FALSE
	EndGlobalSection
EndGlobal
